
Microsoft Visual Studio Solution File, Format Version 12.00
# Visual Studio Version 16
VisualStudioVersion = 16.0.30804.86
MinimumVisualStudioVersion = 10.0.40219.1
Project("{FAE04EC0-301F-11D3-BF4B-00C04F79EFBC}") = "ReactivitiesAPI.Domain", "ReactivitiesAPI.Domain\ReactivitiesAPI.Domain.csproj", "{F05DAEB5-57C3-487D-83AE-3D8B2098C564}"
EndProject
Project("{FAE04EC0-301F-11D3-BF4B-00C04F79EFBC}") = "ReactivitiesAPI.Application", "ReactivitiesAPI.Application\ReactivitiesAPI.Application.csproj", "{61A7310C-3D13-485E-86D2-4875CCC1709A}"
EndProject
Project("{FAE04EC0-301F-11D3-BF4B-00C04F79EFBC}") = "ReactivitiesAPI.Persistence", "ReactivitiesAPI.Persistence\ReactivitiesAPI.Persistence.csproj", "{5FE6C28A-A514-4DDD-818E-1545F283D5A3}"
EndProject
Project("{FAE04EC0-301F-11D3-BF4B-00C04F79EFBC}") = "ReactivitiesAPI.API", "ReactivitiesAPI.API\ReactivitiesAPI.API.csproj", "{22F34693-8E90-48EF-BB48-FF5644E8C97C}"
EndProject
Global
	GlobalSection(SolutionConfigurationPlatforms) = preSolution
		Debug|Any CPU = Debug|Any CPU
		Release|Any CPU = Release|Any CPU
	EndGlobalSection
	GlobalSection(ProjectConfigurationPlatforms) = postSolution
		{F05DAEB5-57C3-487D-83AE-3D8B2098C564}.Debug|Any CPU.ActiveCfg = Debug|Any CPU
		{F05DAEB5-57C3-487D-83AE-3D8B2098C564}.Debug|Any CPU.Build.0 = Debug|Any CPU
		{F05DAEB5-57C3-487D-83AE-3D8B2098C564}.Release|Any CPU.ActiveCfg = Release|Any CPU
		{F05DAEB5-57C3-487D-83AE-3D8B2098C564}.Release|Any CPU.Build.0 = Release|Any CPU
		{61A7310C-3D13-485E-86D2-4875CCC1709A}.Debug|Any CPU.ActiveCfg = Debug|Any CPU
		{61A7310C-3D13-485E-86D2-4875CCC1709A}.Debug|Any CPU.Build.0 = Debug|Any CPU
		{61A7310C-3D13-485E-86D2-4875CCC1709A}.Release|Any CPU.ActiveCfg = Release|Any CPU
		{61A7310C-3D13-485E-86D2-4875CCC1709A}.Release|Any CPU.Build.0 = Release|Any CPU
		{5FE6C28A-A514-4DDD-818E-1545F283D5A3}.Debug|Any CPU.ActiveCfg = Debug|Any CPU
		{5FE6C28A-A514-4DDD-818E-1545F283D5A3}.Debug|Any CPU.Build.0 = Debug|Any CPU
		{5FE6C28A-A514-4DDD-818E-1545F283D5A3}.Release|Any CPU.ActiveCfg = Release|Any CPU
		{5FE6C28A-A514-4DDD-818E-1545F283D5A3}.Release|Any CPU.Build.0 = Release|Any CPU
		{22F34693-8E90-48EF-BB48-FF5644E8C97C}.Debug|Any CPU.ActiveCfg = Debug|Any CPU
		{22F34693-8E90-48EF-BB48-FF5644E8C97C}.Debug|Any CPU.Build.0 = Debug|Any CPU
		{22F34693-8E90-48EF-BB48-FF5644E8C97C}.Release|Any CPU.ActiveCfg = Release|Any CPU
		{22F34693-8E90-48EF-BB48-FF5644E8C97C}.Release|Any CPU.Build.0 = Release|Any CPU
	EndGlobalSection
	GlobalSection(SolutionProperties) = preSolution
		HideSolutionNode = FALSE
	EndGlobalSection
	GlobalSection(ExtensibilityGlobals) = postSolution
		SolutionGuid = {6226129F-F8D8-4A13-93C8-FB4213F7626B}
	EndGlobalSection
EndGlobal
